
Microsoft Visual Studio Solution File, Format Version 12.00
# Visual Studio 15
VisualStudioVersion = 15.0.26124.0
MinimumVisualStudioVersion = 15.0.26124.0
Project("{2150E333-8FDC-42A3-9474-1A3956D46DE8}") = "src", "src", "{C2DF2A82-DC7A-4CFB-9CD4-BDAF0624F842}"
EndProject
Project("{FAE04EC0-301F-11D3-BF4B-00C04F79EFBC}") = "Actio.Services.Identity", "src\Actio.Services.Identity\Actio.Services.Identity.csproj", "{8AC9B116-7B39-424D-B14F-4B12098B1DC6}"
EndProject
Project("{FAE04EC0-301F-11D3-BF4B-00C04F79EFBC}") = "Actio.Api", "src\Actio.Api\Actio.Api.csproj", "{265C7044-E6EC-4150-8856-2B172A05C0D0}"
EndProject
Project("{FAE04EC0-301F-11D3-BF4B-00C04F79EFBC}") = "Action.Common", "src\Action.Common\Action.Common.csproj", "{27F14EC2-06E1-47C9-957F-EA7C473223BD}"
EndProject
Project("{FAE04EC0-301F-11D3-BF4B-00C04F79EFBC}") = "Actio.Services.Activities", "src\Actio.Services.Activities\Actio.Services.Activities.csproj", "{D7EC898B-6E8E-48F5-954E-33AFEA0C6BCC}"
EndProject
Project("{2150E333-8FDC-42A3-9474-1A3956D46DE8}") = "tests", "tests", "{DE48F7DE-14A5-4FF4-A5AE-9FE7CB7DB9D8}"
EndProject
Project("{FAE04EC0-301F-11D3-BF4B-00C04F79EFBC}") = "Actio.Api.Tests", "tests\Actio.Api.Tests\Actio.Api.Tests.csproj", "{849FD922-2934-4C19-B0FA-215B9EC4A15C}"
EndProject
Project("{FAE04EC0-301F-11D3-BF4B-00C04F79EFBC}") = "Actio.Services.Activities.Tests", "tests\Actio.Services.Activities.Tests\Actio.Services.Activities.Tests.csproj", "{8B56E144-FFD2-4645-85F3-67E3EB3E519C}"
EndProject
Project("{FAE04EC0-301F-11D3-BF4B-00C04F79EFBC}") = "Actio.Services.Identity.Tests", "tests\Actio.Services.Identity.Tests\Actio.Services.Identity.Tests.csproj", "{D582FE24-54A7-43A2-8EDD-EBE027C8A9BF}"
EndProject
Global
	GlobalSection(SolutionConfigurationPlatforms) = preSolution
		Debug|Any CPU = Debug|Any CPU
		Debug|x64 = Debug|x64
		Debug|x86 = Debug|x86
		Release|Any CPU = Release|Any CPU
		Release|x64 = Release|x64
		Release|x86 = Release|x86
	EndGlobalSection
	GlobalSection(SolutionProperties) = preSolution
		HideSolutionNode = FALSE
	EndGlobalSection
	GlobalSection(ProjectConfigurationPlatforms) = postSolution
		{8AC9B116-7B39-424D-B14F-4B12098B1DC6}.Debug|Any CPU.ActiveCfg = Debug|Any CPU
		{8AC9B116-7B39-424D-B14F-4B12098B1DC6}.Debug|Any CPU.Build.0 = Debug|Any CPU
		{8AC9B116-7B39-424D-B14F-4B12098B1DC6}.Debug|x64.ActiveCfg = Debug|Any CPU
		{8AC9B116-7B39-424D-B14F-4B12098B1DC6}.Debug|x64.Build.0 = Debug|Any CPU
		{8AC9B116-7B39-424D-B14F-4B12098B1DC6}.Debug|x86.ActiveCfg = Debug|Any CPU
		{8AC9B116-7B39-424D-B14F-4B12098B1DC6}.Debug|x86.Build.0 = Debug|Any CPU
		{8AC9B116-7B39-424D-B14F-4B12098B1DC6}.Release|Any CPU.ActiveCfg = Release|Any CPU
		{8AC9B116-7B39-424D-B14F-4B12098B1DC6}.Release|Any CPU.Build.0 = Release|Any CPU
		{8AC9B116-7B39-424D-B14F-4B12098B1DC6}.Release|x64.ActiveCfg = Release|Any CPU
		{8AC9B116-7B39-424D-B14F-4B12098B1DC6}.Release|x64.Build.0 = Release|Any CPU
		{8AC9B116-7B39-424D-B14F-4B12098B1DC6}.Release|x86.ActiveCfg = Release|Any CPU
		{8AC9B116-7B39-424D-B14F-4B12098B1DC6}.Release|x86.Build.0 = Release|Any CPU
		{265C7044-E6EC-4150-8856-2B172A05C0D0}.Debug|Any CPU.ActiveCfg = Debug|Any CPU
		{265C7044-E6EC-4150-8856-2B172A05C0D0}.Debug|Any CPU.Build.0 = Debug|Any CPU
		{265C7044-E6EC-4150-8856-2B172A05C0D0}.Debug|x64.ActiveCfg = Debug|Any CPU
		{265C7044-E6EC-4150-8856-2B172A05C0D0}.Debug|x64.Build.0 = Debug|Any CPU
		{265C7044-E6EC-4150-8856-2B172A05C0D0}.Debug|x86.ActiveCfg = Debug|Any CPU
		{265C7044-E6EC-4150-8856-2B172A05C0D0}.Debug|x86.Build.0 = Debug|Any CPU
		{265C7044-E6EC-4150-8856-2B172A05C0D0}.Release|Any CPU.ActiveCfg = Release|Any CPU
		{265C7044-E6EC-4150-8856-2B172A05C0D0}.Release|Any CPU.Build.0 = Release|Any CPU
		{265C7044-E6EC-4150-8856-2B172A05C0D0}.Release|x64.ActiveCfg = Release|Any CPU
		{265C7044-E6EC-4150-8856-2B172A05C0D0}.Release|x64.Build.0 = Release|Any CPU
		{265C7044-E6EC-4150-8856-2B172A05C0D0}.Release|x86.ActiveCfg = Release|Any CPU
		{265C7044-E6EC-4150-8856-2B172A05C0D0}.Release|x86.Build.0 = Release|Any CPU
		{27F14EC2-06E1-47C9-957F-EA7C473223BD}.Debug|Any CPU.ActiveCfg = Debug|Any CPU
		{27F14EC2-06E1-47C9-957F-EA7C473223BD}.Debug|Any CPU.Build.0 = Debug|Any CPU
		{27F14EC2-06E1-47C9-957F-EA7C473223BD}.Debug|x64.ActiveCfg = Debug|Any CPU
		{27F14EC2-06E1-47C9-957F-EA7C473223BD}.Debug|x64.Build.0 = Debug|Any CPU
		{27F14EC2-06E1-47C9-957F-EA7C473223BD}.Debug|x86.ActiveCfg = Debug|Any CPU
		{27F14EC2-06E1-47C9-957F-EA7C473223BD}.Debug|x86.Build.0 = Debug|Any CPU
		{27F14EC2-06E1-47C9-957F-EA7C473223BD}.Release|Any CPU.ActiveCfg = Release|Any CPU
		{27F14EC2-06E1-47C9-957F-EA7C473223BD}.Release|Any CPU.Build.0 = Release|Any CPU
		{27F14EC2-06E1-47C9-957F-EA7C473223BD}.Release|x64.ActiveCfg = Release|Any CPU
		{27F14EC2-06E1-47C9-957F-EA7C473223BD}.Release|x64.Build.0 = Release|Any CPU
		{27F14EC2-06E1-47C9-957F-EA7C473223BD}.Release|x86.ActiveCfg = Release|Any CPU
		{27F14EC2-06E1-47C9-957F-EA7C473223BD}.Release|x86.Build.0 = Release|Any CPU
		{D7EC898B-6E8E-48F5-954E-33AFEA0C6BCC}.Debug|Any CPU.ActiveCfg = Debug|Any CPU
		{D7EC898B-6E8E-48F5-954E-33AFEA0C6BCC}.Debug|Any CPU.Build.0 = Debug|Any CPU
		{D7EC898B-6E8E-48F5-954E-33AFEA0C6BCC}.Debug|x64.ActiveCfg = Debug|Any CPU
		{D7EC898B-6E8E-48F5-954E-33AFEA0C6BCC}.Debug|x64.Build.0 = Debug|Any CPU
		{D7EC898B-6E8E-48F5-954E-33AFEA0C6BCC}.Debug|x86.ActiveCfg = Debug|Any CPU
		{D7EC898B-6E8E-48F5-954E-33AFEA0C6BCC}.Debug|x86.Build.0 = Debug|Any CPU
		{D7EC898B-6E8E-48F5-954E-33AFEA0C6BCC}.Release|Any CPU.ActiveCfg = Release|Any CPU
		{D7EC898B-6E8E-48F5-954E-33AFEA0C6BCC}.Release|Any CPU.Build.0 = Release|Any CPU
		{D7EC898B-6E8E-48F5-954E-33AFEA0C6BCC}.Release|x64.ActiveCfg = Release|Any CPU
		{D7EC898B-6E8E-48F5-954E-33AFEA0C6BCC}.Release|x64.Build.0 = Release|Any CPU
		{D7EC898B-6E8E-48F5-954E-33AFEA0C6BCC}.Release|x86.ActiveCfg = Release|Any CPU
		{D7EC898B-6E8E-48F5-954E-33AFEA0C6BCC}.Release|x86.Build.0 = Release|Any CPU
		{849FD922-2934-4C19-B0FA-215B9EC4A15C}.Debug|Any CPU.ActiveCfg = Debug|Any CPU
		{849FD922-2934-4C19-B0FA-215B9EC4A15C}.Debug|Any CPU.Build.0 = Debug|Any CPU
		{849FD922-2934-4C19-B0FA-215B9EC4A15C}.Debug|x64.ActiveCfg = Debug|Any CPU
		{849FD922-2934-4C19-B0FA-215B9EC4A15C}.Debug|x64.Build.0 = Debug|Any CPU
		{849FD922-2934-4C19-B0FA-215B9EC4A15C}.Debug|x86.ActiveCfg = Debug|Any CPU
		{849FD922-2934-4C19-B0FA-215B9EC4A15C}.Debug|x86.Build.0 = Debug|Any CPU
		{849FD922-2934-4C19-B0FA-215B9EC4A15C}.Release|Any CPU.ActiveCfg = Release|Any CPU
		{849FD922-2934-4C19-B0FA-215B9EC4A15C}.Release|Any CPU.Build.0 = Release|Any CPU
		{849FD922-2934-4C19-B0FA-215B9EC4A15C}.Release|x64.ActiveCfg = Release|Any CPU
		{849FD922-2934-4C19-B0FA-215B9EC4A15C}.Release|x64.Build.0 = Release|Any CPU
		{849FD922-2934-4C19-B0FA-215B9EC4A15C}.Release|x86.ActiveCfg = Release|Any CPU
		{849FD922-2934-4C19-B0FA-215B9EC4A15C}.Release|x86.Build.0 = Release|Any CPU
		{8B56E144-FFD2-4645-85F3-67E3EB3E519C}.Debug|Any CPU.ActiveCfg = Debug|Any CPU
		{8B56E144-FFD2-4645-85F3-67E3EB3E519C}.Debug|Any CPU.Build.0 = Debug|Any CPU
		{8B56E144-FFD2-4645-85F3-67E3EB3E519C}.Debug|x64.ActiveCfg = Debug|Any CPU
		{8B56E144-FFD2-4645-85F3-67E3EB3E519C}.Debug|x64.Build.0 = Debug|Any CPU
		{8B56E144-FFD2-4645-85F3-67E3EB3E519C}.Debug|x86.ActiveCfg = Debug|Any CPU
		{8B56E144-FFD2-4645-85F3-67E3EB3E519C}.Debug|x86.Build.0 = Debug|Any CPU
		{8B56E144-FFD2-4645-85F3-67E3EB3E519C}.Release|Any CPU.ActiveCfg = Release|Any CPU
		{8B56E144-FFD2-4645-85F3-67E3EB3E519C}.Release|Any CPU.Build.0 = Release|Any CPU
		{8B56E144-FFD2-4645-85F3-67E3EB3E519C}.Release|x64.ActiveCfg = Release|Any CPU
		{8B56E144-FFD2-4645-85F3-67E3EB3E519C}.Release|x64.Build.0 = Release|Any CPU
		{8B56E144-FFD2-4645-85F3-67E3EB3E519C}.Release|x86.ActiveCfg = Release|Any CPU
		{8B56E144-FFD2-4645-85F3-67E3EB3E519C}.Release|x86.Build.0 = Release|Any CPU
		{D582FE24-54A7-43A2-8EDD-EBE027C8A9BF}.Debug|Any CPU.ActiveCfg = Debug|Any CPU
		{D582FE24-54A7-43A2-8EDD-EBE027C8A9BF}.Debug|Any CPU.Build.0 = Debug|Any CPU
		{D582FE24-54A7-43A2-8EDD-EBE027C8A9BF}.Debug|x64.ActiveCfg = Debug|Any CPU
		{D582FE24-54A7-43A2-8EDD-EBE027C8A9BF}.Debug|x64.Build.0 = Debug|Any CPU
		{D582FE24-54A7-43A2-8EDD-EBE027C8A9BF}.Debug|x86.ActiveCfg = Debug|Any CPU
		{D582FE24-54A7-43A2-8EDD-EBE027C8A9BF}.Debug|x86.Build.0 = Debug|Any CPU
		{D582FE24-54A7-43A2-8EDD-EBE027C8A9BF}.Release|Any CPU.ActiveCfg = Release|Any CPU
		{D582FE24-54A7-43A2-8EDD-EBE027C8A9BF}.Release|Any CPU.Build.0 = Release|Any CPU
		{D582FE24-54A7-43A2-8EDD-EBE027C8A9BF}.Release|x64.ActiveCfg = Release|Any CPU
		{D582FE24-54A7-43A2-8EDD-EBE027C8A9BF}.Release|x64.Build.0 = Release|Any CPU
		{D582FE24-54A7-43A2-8EDD-EBE027C8A9BF}.Release|x86.ActiveCfg = Release|Any CPU
		{D582FE24-54A7-43A2-8EDD-EBE027C8A9BF}.Release|x86.Build.0 = Release|Any CPU
	EndGlobalSection
	GlobalSection(NestedProjects) = preSolution
		{8AC9B116-7B39-424D-B14F-4B12098B1DC6} = {C2DF2A82-DC7A-4CFB-9CD4-BDAF0624F842}
		{265C7044-E6EC-4150-8856-2B172A05C0D0} = {C2DF2A82-DC7A-4CFB-9CD4-BDAF0624F842}
		{27F14EC2-06E1-47C9-957F-EA7C473223BD} = {C2DF2A82-DC7A-4CFB-9CD4-BDAF0624F842}
		{D7EC898B-6E8E-48F5-954E-33AFEA0C6BCC} = {C2DF2A82-DC7A-4CFB-9CD4-BDAF0624F842}
		{849FD922-2934-4C19-B0FA-215B9EC4A15C} = {DE48F7DE-14A5-4FF4-A5AE-9FE7CB7DB9D8}
		{8B56E144-FFD2-4645-85F3-67E3EB3E519C} = {DE48F7DE-14A5-4FF4-A5AE-9FE7CB7DB9D8}
		{D582FE24-54A7-43A2-8EDD-EBE027C8A9BF} = {DE48F7DE-14A5-4FF4-A5AE-9FE7CB7DB9D8}
	EndGlobalSection
EndGlobal
